
Microsoft Visual Studio Solution File, Format Version 12.00
# Visual Studio Version 17
VisualStudioVersion = 17.8.34322.80
MinimumVisualStudioVersion = 10.0.40219.1
Project("{F184B08F-C81C-45F6-A57F-5ABD9991F28F}") = "chat-ao-vivo", "chat-ao-vivo\chat-ao-vivo.vbproj", "{1DC0A850-F099-4876-9676-BA4C3B3B14CB}"
EndProject
Global
	GlobalSection(SolutionConfigurationPlatforms) = preSolution
		Debug|Any CPU = Debug|Any CPU
		Release|Any CPU = Release|Any CPU
	EndGlobalSection
	GlobalSection(ProjectConfigurationPlatforms) = postSolution
		{1DC0A850-F099-4876-9676-BA4C3B3B14CB}.Debug|Any CPU.ActiveCfg = Debug|Any CPU
		{1DC0A850-F099-4876-9676-BA4C3B3B14CB}.Debug|Any CPU.Build.0 = Debug|Any CPU
		{1DC0A850-F099-4876-9676-BA4C3B3B14CB}.Release|Any CPU.ActiveCfg = Release|Any CPU
		{1DC0A850-F099-4876-9676-BA4C3B3B14CB}.Release|Any CPU.Build.0 = Release|Any CPU
	EndGlobalSection
	GlobalSection(SolutionProperties) = preSolution
		HideSolutionNode = FALSE
	EndGlobalSection
	GlobalSection(ExtensibilityGlobals) = postSolution
		SolutionGuid = {885C9849-8875-4C8A-BA8E-9E9D829F2CC8}
	EndGlobalSection
EndGlobal
